
Microsoft Visual Studio Solution File, Format Version 12.00
# Visual Studio Version 17
VisualStudioVersion = 17.1.32228.430
MinimumVisualStudioVersion = 10.0.40219.1
Project("{FAE04EC0-301F-11D3-BF4B-00C04F79EFBC}") = "Skladiste", "Skladiste\Skladiste.csproj", "{735E9915-D0AC-4FE0-B643-F7DB07715D98}"
EndProject
Project("{FAE04EC0-301F-11D3-BF4B-00C04F79EFBC}") = "SkladisteData", "SkladisteData\SkladisteData.csproj", "{317D3545-5D55-435D-A9DE-97C2DF86BFC6}"
EndProject
Global
	GlobalSection(SolutionConfigurationPlatforms) = preSolution
		Debug|Any CPU = Debug|Any CPU
		Release|Any CPU = Release|Any CPU
	EndGlobalSection
	GlobalSection(ProjectConfigurationPlatforms) = postSolution
		{735E9915-D0AC-4FE0-B643-F7DB07715D98}.Debug|Any CPU.ActiveCfg = Debug|Any CPU
		{735E9915-D0AC-4FE0-B643-F7DB07715D98}.Debug|Any CPU.Build.0 = Debug|Any CPU
		{735E9915-D0AC-4FE0-B643-F7DB07715D98}.Release|Any CPU.ActiveCfg = Release|Any CPU
		{735E9915-D0AC-4FE0-B643-F7DB07715D98}.Release|Any CPU.Build.0 = Release|Any CPU
		{317D3545-5D55-435D-A9DE-97C2DF86BFC6}.Debug|Any CPU.ActiveCfg = Debug|Any CPU
		{317D3545-5D55-435D-A9DE-97C2DF86BFC6}.Debug|Any CPU.Build.0 = Debug|Any CPU
		{317D3545-5D55-435D-A9DE-97C2DF86BFC6}.Release|Any CPU.ActiveCfg = Release|Any CPU
		{317D3545-5D55-435D-A9DE-97C2DF86BFC6}.Release|Any CPU.Build.0 = Release|Any CPU
	EndGlobalSection
	GlobalSection(SolutionProperties) = preSolution
		HideSolutionNode = FALSE
	EndGlobalSection
	GlobalSection(ExtensibilityGlobals) = postSolution
		SolutionGuid = {900152B1-2FD8-4A62-B5F2-A9583DB040C9}
	EndGlobalSection
EndGlobal
